{
  "name": "agent-waste-firewall",
  "version": "0.1.0",
  "lockfileVersion": 3,
  "requires": true,
  "packages": {
    "": {
      "name": "agent-waste-firewall",
      "version": "0.1.0",
      "license": "Apache-2.0",
      "bin": {
        "agent-waste-firewall": "bin/agent-waste-firewall.mjs"
      },
      "engines": {
        "node": ">=18"
      }
    }
  }
}
